github.com/8uos/hugo-modules/wowchemy-cms/v5 v5.0.0-20210811143619-e15c9f42bd5b h1:zWNEYROVZVraZNdMDGCUqGol4X1BwG//ZTh1o2wBvzo=
github.com/8uos/hugo-modules/wowchemy-cms/v5 v5.0.0-20210811143619-e15c9f42bd5b/go.mod h1:xh34Ue5UxJmbmmDRnfbw2lyhw7rNypdoaDDR3lf5KA8=
github.com/8uos/hugo-modules/wowchemy-cms/v5 v5.0.0-20210811144012-6676167b55f8 h1:Xa+8trkjpYhHvTfXdAFl7E280NSjDwy+HfAiiY1yAaY=
github.com/8uos/hugo-modules/wowchemy-cms/v5 v5.0.0-20210811144012-6676167b55f8/go.mod h1:xh34Ue5UxJmbmmDRnfbw2lyhw7rNypdoaDDR3lf5KA8=
github.com/8uos/hugo-modules/wowchemy-cms/v5 v5.0.0-20210811145140-703ce8427896 h1:0xRsOCfcg3ohNAaoVNkUxh6zgP9VbRSxGztdc1zE/4Q=
github.com/8uos/hugo-modules/wowchemy-cms/v5 v5.0.0-20210811145140-703ce8427896/go.mod h1:xh34Ue5UxJmbmmDRnfbw2lyhw7rNypdoaDDR3lf5KA8=
github.com/8uos/hugo-modules/wowchemy-cms/v5 v5.0.0-20210811145514-fcea4c08b2d2 h1:S5T9X6BIaqq4aHHbkLkzOErRZgRXWv18ks87KS7kYcM=
github.com/8uos/hugo-modules/wowchemy-cms/v5 v5.0.0-20210811145514-fcea4c08b2d2/go.mod h1:xh34Ue5UxJmbmmDRnfbw2lyhw7rNypdoaDDR3lf5KA8=
github.com/8uos/hugo-modules/wowchemy-cms/v5 v5.0.0-20210811145640-595762539343 h1:UxEhpVHfpS2yoObJC6TTMemcFZkAmFv0Au4Halln6ws=
github.com/8uos/hugo-modules/wowchemy-cms/v5 v5.0.0-20210811145640-595762539343/go.mod h1:xh34Ue5UxJmbmmDRnfbw2lyhw7rNypdoaDDR3lf5KA8=
github.com/8uos/hugo-modules/wowchemy-cms/v5 v5.0.0-20210811145814-83bd812c290d h1:e/AZ6/oEh4vSyNOl+uYliIzULLF7s2P6KOeUygcg088=
github.com/8uos/hugo-modules/wowchemy-cms/v5 v5.0.0-20210811145814-83bd812c290d/go.mod h1:xh34Ue5UxJmbmmDRnfbw2lyhw7rNypdoaDDR3lf5KA8=
github.com/8uos/hugo-modules/wowchemy-cms/v5 v5.0.0-20210811150105-1d101f86c957 h1:gQ9IEvTSeY7TzkbaHmnsAGPw/wFkjFwDKzUWNEukqU0=
github.com/8uos/hugo-modules/wowchemy-cms/v5 v5.0.0-20210811150105-1d101f86c957/go.mod h1:xh34Ue5UxJmbmmDRnfbw2lyhw7rNypdoaDDR3lf5KA8=
github.com/8uos/hugo-modules/wowchemy-cms/v5 v5.0.0-20210811150238-1e6d75da4c6c h1:9dzFBUmT6OFIl6Dg9AMX6tlZUARyJNJJcgPKouXhMZA=
github.com/8uos/hugo-modules/wowchemy-cms/v5 v5.0.0-20210811150238-1e6d75da4c6c/go.mod h1:xh34Ue5UxJmbmmDRnfbw2lyhw7rNypdoaDDR3lf5KA8=
github.com/8uos/hugo-modules/wowchemy-cms/v5 v5.0.0-20210811150643-085b179a7aa5 h1:hmg3aLxNsTylpPE6rMr9tSF1x8rQK1XnWxVChfGdarE=
github.com/8uos/hugo-modules/wowchemy-cms/v5 v5.0.0-20210811150643-085b179a7aa5/go.mod h1:xh34Ue5UxJmbmmDRnfbw2lyhw7rNypdoaDDR3lf5KA8=
github.com/8uos/hugo-modules/wowchemy-cms/v5 v5.0.0-20210811150741-d21198b2aa8f h1:rObJCnpIytSWSxSO6F6uar1+feENbPEzAAiWqu7lVl8=
github.com/8uos/hugo-modules/wowchemy-cms/v5 v5.0.0-20210811150741-d21198b2aa8f/go.mod h1:xh34Ue5UxJmbmmDRnfbw2lyhw7rNypdoaDDR3lf5KA8=
github.com/8uos/hugo-modules/wowchemy-cms/v5 v5.0.0-20210811150856-31dad3d9cb0c h1:ZZPCzASOeMabk4bwynvKyrlaY1HSOiJGOPGBWPp4ugo=
github.com/8uos/hugo-modules/wowchemy-cms/v5 v5.0.0-20210811150856-31dad3d9cb0c/go.mod h1:xh34Ue5UxJmbmmDRnfbw2lyhw7rNypdoaDDR3lf5KA8=
github.com/8uos/hugo-modules/wowchemy-cms/v5 v5.0.0-20210811152230-cfd0cace4980 h1:Hn77bK55/vmEpUew08LjX2w4R9bXrINdFtBAU9btNUc=
github.com/8uos/hugo-modules/wowchemy-cms/v5 v5.0.0-20210811152230-cfd0cace4980/go.mod h1:xh34Ue5UxJmbmmDRnfbw2lyhw7rNypdoaDDR3lf5KA8=
github.com/8uos/hugo-modules/wowchemy-cms/v5 v5.0.0-20210811152926-321dd40affc5 h1:lDgDq+BkYvXYAepzE26eFl5MSPE5OdN0x9VfkGw3NUY=
github.com/8uos/hugo-modules/wowchemy-cms/v5 v5.0.0-20210811152926-321dd40affc5/go.mod h1:xh34Ue5UxJmbmmDRnfbw2lyhw7rNypdoaDDR3lf5KA8=
github.com/8uos/hugo-modules/wowchemy-cms/v5 v5.0.0-20210811153333-f5cc731df913 h1:UDQIlQbjjcIc3MVaROXGcWfyMOzipX8PbZ3wQUvFrCE=
github.com/8uos/hugo-modules/wowchemy-cms/v5 v5.0.0-20210811153333-f5cc731df913/go.mod h1:xh34Ue5UxJmbmmDRnfbw2lyhw7rNypdoaDDR3lf5KA8=
github.com/8uos/hugo-modules/wowchemy-cms/v5 v5.0.0-20210811153436-b52649ae40bd h1:B1R40fwi0PLeG9bNtJPY4X9p6CFaYHjtfQ+W+4dhUdM=
github.com/8uos/hugo-modules/wowchemy-cms/v5 v5.0.0-20210811153436-b52649ae40bd/go.mod h1:xh34Ue5UxJmbmmDRnfbw2lyhw7rNypdoaDDR3lf5KA8=
github.com/8uos/hugo-modules/wowchemy-cms/v5 v5.0.0-20210811153622-046a33421388 h1:iqi4gCme7LGD7zjRlHOzEP6ZQSHkn2HPVDTNeEa+OGk=
github.com/8uos/hugo-modules/wowchemy-cms/v5 v5.0.0-20210811153622-046a33421388/go.mod h1:xh34Ue5UxJmbmmDRnfbw2lyhw7rNypdoaDDR3lf5KA8=
github.com/8uos/hugo-modules/wowchemy-cms/v5 v5.0.0-20210811153852-36a60a7526ce h1:n4B6b30mAg4lYwWpQ4tsH/cJgQ6bwlxn3ucR5PIe8AM=
github.com/8uos/hugo-modules/wowchemy-cms/v5 v5.0.0-20210811153852-36a60a7526ce/go.mod h1:xh34Ue5UxJmbmmDRnfbw2lyhw7rNypdoaDDR3lf5KA8=
github.com/8uos/hugo-modules/wowchemy-cms/v5 v5.0.0-20210811154136-eb7eafdd73d1 h1:+Ylbpt4HzDoIXJ253IhEOtAVdOxc/i7yUvfPcrCycbE=
github.com/8uos/hugo-modules/wowchemy-cms/v5 v5.0.0-20210811154136-eb7eafdd73d1/go.mod h1:xh34Ue5UxJmbmmDRnfbw2lyhw7rNypdoaDDR3lf5KA8=
github.com/8uos/hugo-modules/wowchemy-cms/v5 v5.0.0-20210811155936-7c7c0ef56079 h1:yQ2iDn3t3hJ2j75XARllSLjrHGBeENMB2MPRiVMJtrk=
github.com/8uos/hugo-modules/wowchemy-cms/v5 v5.0.0-20210811155936-7c7c0ef56079/go.mod h1:xh34Ue5UxJmbmmDRnfbw2lyhw7rNypdoaDDR3lf5KA8=
github.com/8uos/hugo-modules/wowchemy-cms/v5 v5.0.0-20210811160858-7246028fe3ae h1:z0Kvk5j54zcOBONnLkzqlAtSlWZLMi9mgHE598c3/MY=
github.com/8uos/hugo-modules/wowchemy-cms/v5 v5.0.0-20210811160858-7246028fe3ae/go.mod h1:xh34Ue5UxJmbmmDRnfbw2lyhw7rNypdoaDDR3lf5KA8=
github.com/8uos/hugo-modules/wowchemy-cms/v5 v5.0.0-20210811161806-527db8c11834 h1:v2v+5YWXsvwOwqHKgjKgmgMqifcXwFs0OJjsnLM+S4o=
github.com/8uos/hugo-modules/wowchemy-cms/v5 v5.0.0-20210811161806-527db8c11834/go.mod h1:xh34Ue5UxJmbmmDRnfbw2lyhw7rNypdoaDDR3lf5KA8=
github.com/8uos/hugo-modules/wowchemy-cms/v5 v5.0.0-20210811161937-42a1e1ed2cc0 h1:mKA/fCbpOejknj2AjRHBoqJizreOeZNmP6SFMIqFlj0=
github.com/8uos/hugo-modules/wowchemy-cms/v5 v5.0.0-20210811161937-42a1e1ed2cc0/go.mod h1:xh34Ue5UxJmbmmDRnfbw2lyhw7rNypdoaDDR3lf5KA8=
github.com/8uos/hugo-modules/wowchemy-cms/v5 v5.0.0-20210811162102-6f0e8854ec9f h1:bgQazcrd/QJM6IebYVQ13sQC/KGtM3mcvWUr5J2JkLA=
github.com/8uos/hugo-modules/wowchemy-cms/v5 v5.0.0-20210811162102-6f0e8854ec9f/go.mod h1:xh34Ue5UxJmbmmDRnfbw2lyhw7rNypdoaDDR3lf5KA8=
github.com/8uos/hugo-modules/wowchemy-cms/v5 v5.0.0-20210811162234-57785dd3268a h1:vlH6rJOQeML3gtwx5iAFwi+GM93BlqS4HrtYCtoxTsA=
github.com/8uos/hugo-modules/wowchemy-cms/v5 v5.0.0-20210811162234-57785dd3268a/go.mod h1:xh34Ue5UxJmbmmDRnfbw2lyhw7rNypdoaDDR3lf5KA8=
github.com/8uos/hugo-modules/wowchemy-cms/v5 v5.0.0-20210811163142-e5271e2742d0 h1:oA2UIjoVg7LkagYIRQp7cpFPup5lLAoqc3AhEJAwrYg=
github.com/8uos/hugo-modules/wowchemy-cms/v5 v5.0.0-20210811163142-e5271e2742d0/go.mod h1:xh34Ue5UxJmbmmDRnfbw2lyhw7rNypdoaDDR3lf5KA8=
github.com/8uos/hugo-modules/wowchemy-cms/v5 v5.0.0-20210811165001-c787b3f146cb h1:Uv+FI0zgnoOs3yFE0ZMf6ARAMk2J5B77GGpYo/pD8MU=
github.com/8uos/hugo-modules/wowchemy-cms/v5 v5.0.0-20210811165001-c787b3f146cb/go.mod h1:xh34Ue5UxJmbmmDRnfbw2lyhw7rNypdoaDDR3lf5KA8=
github.com/8uos/hugo-modules/wowchemy-cms/v5 v5.0.0-20210811165205-9f70fe747cf1 h1:f3v4/e0m8coE1VN+Z87p7uIhbpqM0YVwYiZqJ7k5ThI=
github.com/8uos/hugo-modules/wowchemy-cms/v5 v5.0.0-20210811165205-9f70fe747cf1/go.mod h1:xh34Ue5UxJmbmmDRnfbw2lyhw7rNypdoaDDR3lf5KA8=
github.com/8uos/hugo-modules/wowchemy-cms/v5 v5.0.0-20210811165956-fe4e91b11d25 h1:kwO2EPH0LJRlecpVn8/1jMMUdsZUssFm+okipJjPIuc=
github.com/8uos/hugo-modules/wowchemy-cms/v5 v5.0.0-20210811165956-fe4e91b11d25/go.mod h1:xh34Ue5UxJmbmmDRnfbw2lyhw7rNypdoaDDR3lf5KA8=
github.com/8uos/hugo-modules/wowchemy-cms/v5 v5.0.0-20210811170100-0f063521b910 h1:z1dK5v8N4euoK8oU/XZqqAZhkqpWvyr3cJxc2MY8zJI=
github.com/8uos/hugo-modules/wowchemy-cms/v5 v5.0.0-20210811170100-0f063521b910/go.mod h1:xh34Ue5UxJmbmmDRnfbw2lyhw7rNypdoaDDR3lf5KA8=
github.com/8uos/hugo-modules/wowchemy/v5 v5.0.0-20210811143619-e15c9f42bd5b h1:8nGwgvvgbMQPJu7CwXHKLjM1Z4GY9MYYWvzTGLy8lss=
github.com/8uos/hugo-modules/wowchemy/v5 v5.0.0-20210811143619-e15c9f42bd5b/go.mod h1:NJ5BUERtP1F5UIgK6FpfDnBwKghbO5HI9Ye3BZB9s2Q=
github.com/8uos/hugo-modules/wowchemy/v5 v5.0.0-20210811144012-6676167b55f8 h1:8wtyZHY9aRcbTEBFjckLj3ivWrKoXAFxC9salOYI9Zw=
github.com/8uos/hugo-modules/wowchemy/v5 v5.0.0-20210811144012-6676167b55f8/go.mod h1:NJ5BUERtP1F5UIgK6FpfDnBwKghbO5HI9Ye3BZB9s2Q=
github.com/8uos/hugo-modules/wowchemy/v5 v5.0.0-20210811145140-703ce8427896 h1:rhq/YoFebaeR5qmG+kW/NM/c+0E9yCFpE08J6Tsxwhk=
github.com/8uos/hugo-modules/wowchemy/v5 v5.0.0-20210811145140-703ce8427896/go.mod h1:NJ5BUERtP1F5UIgK6FpfDnBwKghbO5HI9Ye3BZB9s2Q=
github.com/8uos/hugo-modules/wowchemy/v5 v5.0.0-20210811145514-fcea4c08b2d2 h1:V13BvXwwv04xPY4X2J97L03zfKZNda8n7RrGSn/UITQ=
github.com/8uos/hugo-modules/wowchemy/v5 v5.0.0-20210811145514-fcea4c08b2d2/go.mod h1:NJ5BUERtP1F5UIgK6FpfDnBwKghbO5HI9Ye3BZB9s2Q=
github.com/8uos/hugo-modules/wowchemy/v5 v5.0.0-20210811145640-595762539343 h1:D5754xw1/I7CUGsigyCfeyU36Usbi7xKjmq22OHINbE=
github.com/8uos/hugo-modules/wowchemy/v5 v5.0.0-20210811145640-595762539343/go.mod h1:NJ5BUERtP1F5UIgK6FpfDnBwKghbO5HI9Ye3BZB9s2Q=
github.com/8uos/hugo-modules/wowchemy/v5 v5.0.0-20210811145814-83bd812c290d h1:1ZEjp+5BwoQWccLYd7kvUDACgjw0oF+tiRsswnJdonw=
github.com/8uos/hugo-modules/wowchemy/v5 v5.0.0-20210811145814-83bd812c290d/go.mod h1:NJ5BUERtP1F5UIgK6FpfDnBwKghbO5HI9Ye3BZB9s2Q=
github.com/8uos/hugo-modules/wowchemy/v5 v5.0.0-20210811150105-1d101f86c957 h1:6PxNkpymZgr+MLb525SNH5BP8ch0xN/N8hnNDzXWdMs=
github.com/8uos/hugo-modules/wowchemy/v5 v5.0.0-20210811150105-1d101f86c957/go.mod h1:NJ5BUERtP1F5UIgK6FpfDnBwKghbO5HI9Ye3BZB9s2Q=
github.com/8uos/hugo-modules/wowchemy/v5 v5.0.0-20210811150238-1e6d75da4c6c h1:cRx9ygj5/SIKe8jlN8S83zIgdHPwbw45WZxhjmqdyGQ=
github.com/8uos/hugo-modules/wowchemy/v5 v5.0.0-20210811150238-1e6d75da4c6c/go.mod h1:NJ5BUERtP1F5UIgK6FpfDnBwKghbO5HI9Ye3BZB9s2Q=
github.com/8uos/hugo-modules/wowchemy/v5 v5.0.0-20210811150643-085b179a7aa5 h1:I5J7AXLmgEeXboy5fLxWKnS7Ck6x0HT1nfkxRpf8PAo=
github.com/8uos/hugo-modules/wowchemy/v5 v5.0.0-20210811150643-085b179a7aa5/go.mod h1:NJ5BUERtP1F5UIgK6FpfDnBwKghbO5HI9Ye3BZB9s2Q=
github.com/8uos/hugo-modules/wowchemy/v5 v5.0.0-20210811150741-d21198b2aa8f h1:/oRBDLVYHTqhlho94AId4phupPbgaY3xEMDrEa/j3LI=
github.com/8uos/hugo-modules/wowchemy/v5 v5.0.0-20210811150741-d21198b2aa8f/go.mod h1:NJ5BUERtP1F5UIgK6FpfDnBwKghbO5HI9Ye3BZB9s2Q=
github.com/8uos/hugo-modules/wowchemy/v5 v5.0.0-20210811150856-31dad3d9cb0c h1:YzH7RLARRPfCMJvD+L54hQUqzuJ4ojAEszOi+wpAFlI=
github.com/8uos/hugo-modules/wowchemy/v5 v5.0.0-20210811150856-31dad3d9cb0c/go.mod h1:NJ5BUERtP1F5UIgK6FpfDnBwKghbO5HI9Ye3BZB9s2Q=
github.com/8uos/hugo-modules/wowchemy/v5 v5.0.0-20210811152230-cfd0cace4980 h1:uzX/L/RKPdr3ri1nWtsGYLZy6rhRG3zXgv3T6RwZXc8=
github.com/8uos/hugo-modules/wowchemy/v5 v5.0.0-20210811152230-cfd0cace4980/go.mod h1:NJ5BUERtP1F5UIgK6FpfDnBwKghbO5HI9Ye3BZB9s2Q=
github.com/8uos/hugo-modules/wowchemy/v5 v5.0.0-20210811152926-321dd40affc5 h1:eNAmIl6+Y7xAm9tdVIiP5XZukkfzAcQKndB6zoZUVSY=
github.com/8uos/hugo-modules/wowchemy/v5 v5.0.0-20210811152926-321dd40affc5/go.mod h1:NJ5BUERtP1F5UIgK6FpfDnBwKghbO5HI9Ye3BZB9s2Q=
github.com/8uos/hugo-modules/wowchemy/v5 v5.0.0-20210811153333-f5cc731df913 h1:cN2pqXfTw11p6hHRTUJYEH3evTuidaxL5/GDobFVZZg=
github.com/8uos/hugo-modules/wowchemy/v5 v5.0.0-20210811153333-f5cc731df913/go.mod h1:NJ5BUERtP1F5UIgK6FpfDnBwKghbO5HI9Ye3BZB9s2Q=
github.com/8uos/hugo-modules/wowchemy/v5 v5.0.0-20210811153436-b52649ae40bd h1:IaGFbzzHHEKA+vfD1EDQQw/j0sa2bS/UDpf4WoV36nc=
github.com/8uos/hugo-modules/wowchemy/v5 v5.0.0-20210811153436-b52649ae40bd/go.mod h1:NJ5BUERtP1F5UIgK6FpfDnBwKghbO5HI9Ye3BZB9s2Q=
github.com/8uos/hugo-modules/wowchemy/v5 v5.0.0-20210811153622-046a33421388 h1:Q5ZCYfeQGnqwI/iG7qQtxAJ2gqIok17YROQ4ZOh5/Eo=
github.com/8uos/hugo-modules/wowchemy/v5 v5.0.0-20210811153622-046a33421388/go.mod h1:NJ5BUERtP1F5UIgK6FpfDnBwKghbO5HI9Ye3BZB9s2Q=
github.com/8uos/hugo-modules/wowchemy/v5 v5.0.0-20210811153852-36a60a7526ce h1:BEgUhbjvLp1jolEKPD0bmxw3Ua3FiQ/B1XVPHx8JW2o=
github.com/8uos/hugo-modules/wowchemy/v5 v5.0.0-20210811153852-36a60a7526ce/go.mod h1:NJ5BUERtP1F5UIgK6FpfDnBwKghbO5HI9Ye3BZB9s2Q=
github.com/8uos/hugo-modules/wowchemy/v5 v5.0.0-20210811154136-eb7eafdd73d1 h1:ZTTgWmwqRr1jZczmIPLozHvG/JfThmQDeot5IJvIGyw=
github.com/8uos/hugo-modules/wowchemy/v5 v5.0.0-20210811154136-eb7eafdd73d1/go.mod h1:NJ5BUERtP1F5UIgK6FpfDnBwKghbO5HI9Ye3BZB9s2Q=
github.com/8uos/hugo-modules/wowchemy/v5 v5.0.0-20210811155936-7c7c0ef56079 h1:Tp/RK/0e4448dNsHj0DZyyWVGNABVhS9bG98fDSCwFo=
github.com/8uos/hugo-modules/wowchemy/v5 v5.0.0-20210811155936-7c7c0ef56079/go.mod h1:NJ5BUERtP1F5UIgK6FpfDnBwKghbO5HI9Ye3BZB9s2Q=
github.com/8uos/hugo-modules/wowchemy/v5 v5.0.0-20210811160858-7246028fe3ae h1:EsF7v6HioaHDCxzxikQOk9oamoHU7ej0GIj1Zrvy72w=
github.com/8uos/hugo-modules/wowchemy/v5 v5.0.0-20210811160858-7246028fe3ae/go.mod h1:NJ5BUERtP1F5UIgK6FpfDnBwKghbO5HI9Ye3BZB9s2Q=
github.com/8uos/hugo-modules/wowchemy/v5 v5.0.0-20210811161806-527db8c11834 h1:SzU7Z1/bp5kbKTdanQuxB8DrGeaLNyEGzv8lYqU9qj8=
github.com/8uos/hugo-modules/wowchemy/v5 v5.0.0-20210811161806-527db8c11834/go.mod h1:NJ5BUERtP1F5UIgK6FpfDnBwKghbO5HI9Ye3BZB9s2Q=
github.com/8uos/hugo-modules/wowchemy/v5 v5.0.0-20210811161937-42a1e1ed2cc0 h1:vGzTgqnYX6qfcPvEd0soQRAJ4xhk5hmoP+iSUyeVWXY=
github.com/8uos/hugo-modules/wowchemy/v5 v5.0.0-20210811161937-42a1e1ed2cc0/go.mod h1:NJ5BUERtP1F5UIgK6FpfDnBwKghbO5HI9Ye3BZB9s2Q=
github.com/8uos/hugo-modules/wowchemy/v5 v5.0.0-20210811162102-6f0e8854ec9f h1:Yw+62A1GXhx0aFby18HPaunlZ2pfNm2AmXd7XxN7gC0=
github.com/8uos/hugo-modules/wowchemy/v5 v5.0.0-20210811162102-6f0e8854ec9f/go.mod h1:NJ5BUERtP1F5UIgK6FpfDnBwKghbO5HI9Ye3BZB9s2Q=
github.com/8uos/hugo-modules/wowchemy/v5 v5.0.0-20210811162234-57785dd3268a h1:FuLZGEyPj1OQ+4xiCzl49xcHpOhOChCfbJ/bfXuyecU=
github.com/8uos/hugo-modules/wowchemy/v5 v5.0.0-20210811162234-57785dd3268a/go.mod h1:NJ5BUERtP1F5UIgK6FpfDnBwKghbO5HI9Ye3BZB9s2Q=
github.com/8uos/hugo-modules/wowchemy/v5 v5.0.0-20210811163142-e5271e2742d0 h1:Enxwl1QbpksNqH3oGC1+vUKKVqO7mUyVRrZmlUIE6nI=
github.com/8uos/hugo-modules/wowchemy/v5 v5.0.0-20210811163142-e5271e2742d0/go.mod h1:NJ5BUERtP1F5UIgK6FpfDnBwKghbO5HI9Ye3BZB9s2Q=
github.com/8uos/hugo-modules/wowchemy/v5 v5.0.0-20210811165001-c787b3f146cb h1:ImMiRBlLUdkNzbpAONFNrfNe3pgg27QRt10swfMJVsM=
github.com/8uos/hugo-modules/wowchemy/v5 v5.0.0-20210811165001-c787b3f146cb/go.mod h1:NJ5BUERtP1F5UIgK6FpfDnBwKghbO5HI9Ye3BZB9s2Q=
github.com/8uos/hugo-modules/wowchemy/v5 v5.0.0-20210811165205-9f70fe747cf1 h1:P2xio/U/Gk2epb5WKHyxm3k0vJxtxwgizfr97dzIias=
github.com/8uos/hugo-modules/wowchemy/v5 v5.0.0-20210811165205-9f70fe747cf1/go.mod h1:NJ5BUERtP1F5UIgK6FpfDnBwKghbO5HI9Ye3BZB9s2Q=
github.com/8uos/hugo-modules/wowchemy/v5 v5.0.0-20210811165956-fe4e91b11d25 h1:Q9y3/Xk9AVSRwjlfZMBp2Q9UiIkOrRZNSUg+OtC1Yfs=
github.com/8uos/hugo-modules/wowchemy/v5 v5.0.0-20210811165956-fe4e91b11d25/go.mod h1:NJ5BUERtP1F5UIgK6FpfDnBwKghbO5HI9Ye3BZB9s2Q=
github.com/8uos/hugo-modules/wowchemy/v5 v5.0.0-20210811170100-0f063521b910 h1:8lDe1zY/Alsr7m6Yu3Mla1qaM6OLjgUV9s/rkQLnEyQ=
github.com/8uos/hugo-modules/wowchemy/v5 v5.0.0-20210811170100-0f063521b910/go.mod h1:NJ5BUERtP1F5UIgK6FpfDnBwKghbO5HI9Ye3BZB9s2Q=
github.com/wowchemy/wowchemy-hugo-modules/v5 v5.3.0/go.mod h1:akNBhhT0UAOXSREplKkLe2wyHeo51qm6f+vqNkQkcmE=
github.com/wowchemy/wowchemy-hugo-modules/wowchemy-cms/v5 v5.0.0-20210629192904-559885af86b7/go.mod h1:Sp/AKo+2HAPi/IPHp1MEdKPmee+mzO5+efUBUPLPqPE=
github.com/wowchemy/wowchemy-hugo-modules/wowchemy/v5 v5.0.0-20210629192904-559885af86b7/go.mod h1:2iL9rdrUYyJXX2BeHKfK+QbqZlubCsaR60nQ87NRQTY=
